
Microsoft Visual Studio Solution File, Format Version 11.00
# Visual Basic Express 2010
Project("{F184B08F-C81C-45F6-A57F-5ABD9991F28F}") = "move2leren", "move2leren\move2leren.vbproj", "{0B9C245C-EBBC-4DEB-B58A-D9D016466559}"
EndProject
Global
	GlobalSection(SolutionConfigurationPlatforms) = preSolution
		Debug|x86 = Debug|x86
		Release|x86 = Release|x86
	EndGlobalSection
	GlobalSection(ProjectConfigurationPlatforms) = postSolution
		{0B9C245C-EBBC-4DEB-B58A-D9D016466559}.Debug|x86.ActiveCfg = Debug|x86
		{0B9C245C-EBBC-4DEB-B58A-D9D016466559}.Debug|x86.Build.0 = Debug|x86
		{0B9C245C-EBBC-4DEB-B58A-D9D016466559}.Release|x86.ActiveCfg = Release|x86
		{0B9C245C-EBBC-4DEB-B58A-D9D016466559}.Release|x86.Build.0 = Release|x86
	EndGlobalSection
	GlobalSection(SolutionProperties) = preSolution
		HideSolutionNode = FALSE
	EndGlobalSection
EndGlobal
